// !$*UTF8*$!
{
	archiveVersion = 1;
	classes = {
	};
	objectVersion = 50;
	objects = {

/* Begin PBXBuildFile section */
		8145D04024DA9B5B003AC651 /* AppDelegate.swift in Sources */ = {isa = PBXBuildFile; fileRef = 8145D03F24DA9B5B003AC651 /* AppDelegate.swift */; };
		8145D04224DA9B5B003AC651 /* SceneDelegate.swift in Sources */ = {isa = PBXBuildFile; fileRef = 8145D04124DA9B5B003AC651 /* SceneDelegate.swift */; };
		8145D04424DA9B5B003AC651 /* ViewController.swift in Sources */ = {isa = PBXBuildFile; fileRef = 8145D04324DA9B5B003AC651 /* ViewController.swift */; };
		8145D04724DA9B5B003AC651 /* Main.storyboard in Resources */ = {isa = PBXBuildFile; fileRef = 8145D04524DA9B5B003AC651 /* Main.storyboard */; };
		8145D04924DA9B5C003AC651 /* Assets.xcassets in Resources */ = {isa = PBXBuildFile; fileRef = 8145D04824DA9B5C003AC651 /* Assets.xcassets */; };
		8145D04C24DA9B5C003AC651 /* LaunchScreen.storyboard in Resources */ = {isa = PBXBuildFile; fileRef = 8145D04A24DA9B5C003AC651 /* LaunchScreen.storyboard */; };
		8169C09724DB978300B8A0EE /* hulk-png-angry-marvel-11536008110maxarcm6ar.png in Resources */ = {isa = PBXBuildFile; fileRef = 8169C09624DB978300B8A0EE /* hulk-png-angry-marvel-11536008110maxarcm6ar.png */; };
		8169C09924DB979E00B8A0EE /* 22d5e967387ad0029bfd29c392c91ab8.jpg in Resources */ = {isa = PBXBuildFile; fileRef = 8169C09824DB979E00B8A0EE /* 22d5e967387ad0029bfd29c392c91ab8.jpg */; };
		8169C09B24DB97AE00B8A0EE /* download.jpg in Resources */ = {isa = PBXBuildFile; fileRef = 8169C09A24DB97AE00B8A0EE /* download.jpg */; };
		8169C09D24DB97B600B8A0EE /* 12-120520_captain-marvel-clipart-clip-art-captain-marvel-clipart.jpg in Resources */ = {isa = PBXBuildFile; fileRef = 8169C09C24DB97B600B8A0EE /* 12-120520_captain-marvel-clipart-clip-art-captain-marvel-clipart.jpg */; };
/* End PBXBuildFile section */

/* Begin PBXFileReference section */
		8145D03C24DA9B5B003AC651 /* ComicBookExercise.app */ = {isa = PBXFileReference; explicitFileType = wrapper.application; includeInIndex = 0; path = ComicBookExercise.app; sourceTree = BUILT_PRODUCTS_DIR; };
		8145D03F24DA9B5B003AC651 /* AppDelegate.swift */ = {isa = PBXFileReference; lastKnownFileType = sourcecode.swift; path = AppDelegate.swift; sourceTree = "<group>"; };
		8145D04124DA9B5B003AC651 /* SceneDelegate.swift */ = {isa = PBXFileReference; lastKnownFileType = sourcecode.swift; path = SceneDelegate.swift; sourceTree = "<group>"; };
		8145D04324DA9B5B003AC651 /* ViewController.swift */ = {isa = PBXFileReference; lastKnownFileType = sourcecode.swift; path = ViewController.swift; sourceTree = "<group>"; };
		8145D04624DA9B5B003AC651 /* Base */ = {isa = PBXFileReference; lastKnownFileType = file.storyboard; name = Base; path = Base.lproj/Main.storyboard; sourceTree = "<group>"; };
		8145D04824DA9B5C003AC651 /* Assets.xcassets */ = {isa = PBXFileReference; lastKnownFileType = folder.assetcatalog; path = Assets.xcassets; sourceTree = "<group>"; };
		8145D04B24DA9B5C003AC651 /* Base */ = {isa = PBXFileReference; lastKnownFileType = file.storyboard; name = Base; path = Base.lproj/LaunchScreen.storyboard; sourceTree = "<group>"; };
		8145D04D24DA9B5C003AC651 /* Info.plist */ = {isa = PBXFileReference; lastKnownFileType = text.plist.xml; path = Info.plist; sourceTree = "<group>"; };
		8169C09624DB978300B8A0EE /* hulk-png-angry-marvel-11536008110maxarcm6ar.png */ = {isa = PBXFileReference; lastKnownFileType = image.png; path = "hulk-png-angry-marvel-11536008110maxarcm6ar.png"; sourceTree = "<group>"; };
		8169C09824DB979E00B8A0EE /* 22d5e967387ad0029bfd29c392c91ab8.jpg */ = {isa = PBXFileReference; lastKnownFileType = image.jpeg; path = 22d5e967387ad0029bfd29c392c91ab8.jpg; sourceTree = "<group>"; };
		8169C09A24DB97AE00B8A0EE /* download.jpg */ = {isa = PBXFileReference; lastKnownFileType = image.jpeg; path = download.jpg; sourceTree = "<group>"; };
		8169C09C24DB97B600B8A0EE /* 12-120520_captain-marvel-clipart-clip-art-captain-marvel-clipart.jpg */ = {isa = PBXFileReference; lastKnownFileType = image.jpeg; path = "12-120520_captain-marvel-clipart-clip-art-captain-marvel-clipart.jpg"; sourceTree = "<group>"; };
/* End PBXFileReference section */

/* Begin PBXFrameworksBuildPhase section */
		8145D03924DA9B5B003AC651 /* Frameworks */ = {
			isa = PBXFrameworksBuildPhase;
			buildActionMask = 2147483647;
			files = (
			);
			runOnlyForDeploymentPostprocessing = 0;
		};
/* End PBXFrameworksBuildPhase section */

/* Begin PBXGroup section */
		8145D03324DA9B5B003AC651 = {
			isa = PBXGroup;
			children = (
				8145D03E24DA9B5B003AC651 /* ComicBookExercise */,
				8145D03D24DA9B5B003AC651 /* Products */,
			);
			sourceTree = "<group>";
		};
		8145D03D24DA9B5B003AC651 /* Products */ = {
			isa = PBXGroup;
			children = (
				8145D03C24DA9B5B003AC651 /* ComicBookExercise.app */,
			);
			name = Products;
			sourceTree = "<group>";
		};
		8145D03E24DA9B5B003AC651 /* ComicBookExercise */ = {
			isa = PBXGroup;
			children = (
				8169C09C24DB97B600B8A0EE /* 12-120520_captain-marvel-clipart-clip-art-captain-marvel-clipart.jpg */,
				8169C09A24DB97AE00B8A0EE /* download.jpg */,
				8169C09824DB979E00B8A0EE /* 22d5e967387ad0029bfd29c392c91ab8.jpg */,
				8169C09624DB978300B8A0EE /* hulk-png-angry-marvel-11536008110maxarcm6ar.png */,
				8145D03F24DA9B5B003AC651 /* AppDelegate.swift */,
				8145D04124DA9B5B003AC651 /* SceneDelegate.swift */,
				8145D04524DA9B5B003AC651 /* Main.storyboard */,
				8145D04324DA9B5B003AC651 /* ViewController.swift */,
				8145D04824DA9B5C003AC651 /* Assets.xcassets */,
				8145D04A24DA9B5C003AC651 /* LaunchScreen.storyboard */,
				8145D04D24DA9B5C003AC651 /* Info.plist */,
			);
			path = ComicBookExercise;
			sourceTree = "<group>";
		};
/* End PBXGroup section */

/* Begin PBXNativeTarget section */
		8145D03B24DA9B5B003AC651 /* ComicBookExercise */ = {
			isa = PBXNativeTarget;
			buildConfigurationList = 8145D05024DA9B5C003AC651 /* Build configuration list for PBXNativeTarget "ComicBookExercise" */;
			buildPhases = (
				8145D03824DA9B5B003AC651 /* Sources */,
				8145D03924DA9B5B003AC651 /* Frameworks */,
				8145D03A24DA9B5B003AC651 /* Resources */,
			);
			buildRules = (
			);
			dependencies = (
			);
			name = ComicBookExercise;
			productName = ComicBookExercise;
			productReference = 8145D03C24DA9B5B003AC651 /* ComicBookExercise.app */;
			productType = "com.apple.product-type.application";
		};
/* End PBXNativeTarget section */

/* Begin PBXProject section */
		8145D03424DA9B5B003AC651 /* Project object */ = {
			isa = PBXProject;
			attributes = {
				LastSwiftUpdateCheck = 1130;
				LastUpgradeCheck = 1130;
				ORGANIZATIONNAME = Saamaria_B_ComicBookExercise;
				TargetAttributes = {
					8145D03B24DA9B5B003AC651 = {
						CreatedOnToolsVersion = 11.3.1;
					};
				};
			};
			buildConfigurationList = 8145D03724DA9B5B003AC651 /* Build configuration list for PBXProject "ComicBookExercise" */;
			compatibilityVersion = "Xcode 9.3";
			developmentRegion = en;
			hasScannedForEncodings = 0;
			knownRegions = (
				en,
				Base,
			);
			mainGroup = 8145D03324DA9B5B003AC651;
			productRefGroup = 8145D03D24DA9B5B003AC651 /* Products */;
			projectDirPath = "";
			projectRoot = "";
			targets = (
				8145D03B24DA9B5B003AC651 /* ComicBookExercise */,
			);
		};
/* End PBXProject section */

/* Begin PBXResourcesBuildPhase section */
		8145D03A24DA9B5B003AC651 /* Resources */ = {
			isa = PBXResourcesBuildPhase;
			buildActionMask = 2147483647;
			files = (
				8169C09D24DB97B600B8A0EE /* 12-120520_captain-marvel-clipart-clip-art-captain-marvel-clipart.jpg in Resources */,
				8145D04C24DA9B5C003AC651 /* LaunchScreen.storyboard in Resources */,
				8169C09B24DB97AE00B8A0EE /* download.jpg in Resources */,
				8145D04924DA9B5C003AC651 /* Assets.xcassets in Resources */,
				8169C09924DB979E00B8A0EE /* 22d5e967387ad0029bfd29c392c91ab8.jpg in Resources */,
				8145D04724DA9B5B003AC651 /* Main.storyboard in Resources */,
				8169C09724DB978300B8A0EE /* hulk-png-angry-marvel-11536008110maxarcm6ar.png in Resources */,
			);
			runOnlyForDeploymentPostprocessing = 0;
		};
/* End PBXResourcesBuildPhase section */

/* Begin PBXSourcesBuildPhase section */
		8145D03824DA9B5B003AC651 /* Sources */ = {
			isa = PBXSourcesBuildPhase;
			buildActionMask = 2147483647;
			files = (
				8145D04424DA9B5B003AC651 /* ViewController.swift in Sources */,
				8145D04024DA9B5B003AC651 /* AppDelegate.swift in Sources */,
				8145D04224DA9B5B003AC651 /* SceneDelegate.swift in Sources */,
			);
			runOnlyForDeploymentPostprocessing = 0;
		};
/* End PBXSourcesBuildPhase section */

/* Begin PBXVariantGroup section */
		8145D04524DA9B5B003AC651 /* Main.storyboard */ = {
			isa = PBXVariantGroup;
			children = (
				8145D04624DA9B5B003AC651 /* Base */,
			);
			name = Main.storyboard;
			sourceTree = "<group>";
		};
		8145D04A24DA9B5C003AC651 /* LaunchScreen.storyboard */ = {
			isa = PBXVariantGroup;
			children = (
				8145D04B24DA9B5C003AC651 /* Base */,
			);
			name = LaunchScreen.storyboard;
			sourceTree = "<group>";
		};
/* End PBXVariantGroup section */

/* Begin XCBuildConfiguration section */
		8145D04E24DA9B5C003AC651 /* Debug */ = {
			isa = XCBuildConfiguration;
			buildSettings = {
				ALWAYS_SEARCH_USER_PATHS = NO;
				CLANG_ANALYZER_NONNULL = YES;
				CLANG_ANALYZER_NUMBER_OBJECT_CONVERSION = YES_AGGRESSIVE;
				CLANG_CXX_LANGUAGE_STANDARD = "gnu++14";
				CLANG_CXX_LIBRARY = "libc++";
				CLANG_ENABLE_MODULES = YES;
				CLANG_ENABLE_OBJC_ARC = YES;
				CLANG_ENABLE_OBJC_WEAK = YES;
				CLANG_WARN_BLOCK_CAPTURE_AUTORELEASING = YES;
				CLANG_WARN_BOOL_CONVERSION = YES;
				CLANG_WARN_COMMA = YES;
				CLANG_WARN_CONSTANT_CONVERSION = YES;
				CLANG_WARN_DEPRECATED_OBJC_IMPLEMENTATIONS = YES;
				CLANG_WARN_DIRECT_OBJC_ISA_USAGE = YES_ERROR;
				CLANG_WARN_DOCUMENTATION_COMMENTS = YES;
				CLANG_WARN_EMPTY_BODY = YES;
				CLANG_WARN_ENUM_CONVERSION = YES;
				CLANG_WARN_INFINITE_RECURSION = YES;
				CLANG_WARN_INT_CONVERSION = YES;
				CLANG_WARN_NON_LITERAL_NULL_CONVERSION = YES;
				CLANG_WARN_OBJC_IMPLICIT_RETAIN_SELF = YES;
				CLANG_WARN_OBJC_LITERAL_CONVERSION = YES;
				CLANG_WARN_OBJC_ROOT_CLASS = YES_ERROR;
				CLANG_WARN_RANGE_LOOP_ANALYSIS = YES;
				CLANG_WARN_STRICT_PROTOTYPES = YES;
				CLANG_WARN_SUSPICIOUS_MOVE = YES;
				CLANG_WARN_UNGUARDED_AVAILABILITY = YES_AGGRESSIVE;
				CLANG_WARN_UNREACHABLE_CODE = YES;
				CLANG_WARN__DUPLICATE_METHOD_MATCH = YES;
				COPY_PHASE_STRIP = NO;
				DEBUG_INFORMATION_FORMAT = dwarf;
				ENABLE_STRICT_OBJC_MSGSEND = YES;
				ENABLE_TESTABILITY = YES;
				GCC_C_LANGUAGE_STANDARD = gnu11;
				GCC_DYNAMIC_NO_PIC = NO;
				GCC_NO_COMMON_BLOCKS = YES;
				GCC_OPTIMIZATION_LEVEL = 0;
				GCC_PREPROCESSOR_DEFINITIONS = (
					"DEBUG=1",
					"$(inherited)",
				);
				GCC_WARN_64_TO_32_BIT_CONVERSION = YES;
				GCC_WARN_ABOUT_RETURN_TYPE = YES_ERROR;
				GCC_WARN_UNDECLARED_SELECTOR = YES;
				GCC_WARN_UNINITIALIZED_AUTOS = YES_AGGRESSIVE;
				GCC_WARN_UNUSED_FUNCTION = YES;
				GCC_WARN_UNUSED_VARIABLE = YES;
				IPHONEOS_DEPLOYMENT_TARGET = 13.2;
				MTL_ENABLE_DEBUG_INFO = INCLUDE_SOURCE;
				MTL_FAST_MATH = YES;
				ONLY_ACTIVE_ARCH = YES;
				SDKROOT = iphoneos;
				SWIFT_ACTIVE_COMPILATION_CONDITIONS = DEBUG;
				SWIFT_OPTIMIZATION_LEVEL = "-Onone";
			};
			name = Debug;
		};
		8145D04F24DA9B5C003AC651 /* Release */ = {
			isa = XCBuildConfiguration;
			buildSettings = {
				ALWAYS_SEARCH_USER_PATHS = NO;
				CLANG_ANALYZER_NONNULL = YES;
				CLANG_ANALYZER_NUMBER_OBJECT_CONVERSION = YES_AGGRESSIVE;
				CLANG_CXX_LANGUAGE_STANDARD = "gnu++14";
				CLANG_CXX_LIBRARY = "libc++";
				CLANG_ENABLE_MODULES = YES;
				CLANG_ENABLE_OBJC_ARC = YES;
				CLANG_ENABLE_OBJC_WEAK = YES;
				CLANG_WARN_BLOCK_CAPTURE_AUTORELEASING = YES;
				CLANG_WARN_BOOL_CONVERSION = YES;
				CLANG_WARN_COMMA = YES;
				CLANG_WARN_CONSTANT_CONVERSION = YES;
				CLANG_WARN_DEPRECATED_OBJC_IMPLEMENTATIONS = YES;
				CLANG_WARN_DIRECT_OBJC_ISA_USAGE = YES_ERROR;
				CLANG_WARN_DOCUMENTATION_COMMENTS = YES;
				CLANG_WARN_EMPTY_BODY = YES;
				CLANG_WARN_ENUM_CONVERSION = YES;
				CLANG_WARN_INFINITE_RECURSION = YES;
				CLANG_WARN_INT_CONVERSION = YES;
				CLANG_WARN_NON_LITERAL_NULL_CONVERSION = YES;
				CLANG_WARN_OBJC_IMPLICIT_RETAIN_SELF = YES;
				CLANG_WARN_OBJC_LITERAL_CONVERSION = YES;
				CLANG_WARN_OBJC_ROOT_CLASS = YES_ERROR;
				CLANG_WARN_RANGE_LOOP_ANALYSIS = YES;
				CLANG_WARN_STRICT_PROTOTYPES = YES;
				CLANG_WARN_SUSPICIOUS_MOVE = YES;
				CLANG_WARN_UNGUARDED_AVAILABILITY = YES_AGGRESSIVE;
				CLANG_WARN_UNREACHABLE_CODE = YES;
				CLANG_WARN__DUPLICATE_METHOD_MATCH = YES;
				COPY_PHASE_STRIP = NO;
				DEBUG_INFORMATION_FORMAT = "dwarf-with-dsym";
				ENABLE_NS_ASSERTIONS = NO;
				ENABLE_STRICT_OBJC_MSGSEND = YES;
				GCC_C_LANGUAGE_STANDARD = gnu11;
				GCC_NO_COMMON_BLOCKS = YES;
				GCC_WARN_64_TO_32_BIT_CONVERSION = YES;
				GCC_WARN_ABOUT_RETURN_TYPE = YES_ERROR;
				GCC_WARN_UNDECLARED_SELECTOR = YES;
				GCC_WARN_UNINITIALIZED_AUTOS = YES_AGGRESSIVE;
				GCC_WARN_UNUSED_FUNCTION = YES;
				GCC_WARN_UNUSED_VARIABLE = YES;
				IPHONEOS_DEPLOYMENT_TARGET = 13.2;
				MTL_ENABLE_DEBUG_INFO = NO;
				MTL_FAST_MATH = YES;
				SDKROOT = iphoneos;
				SWIFT_COMPILATION_MODE = wholemodule;
				SWIFT_OPTIMIZATION_LEVEL = "-O";
				VALIDATE_PRODUCT = YES;
			};
			name = Release;
		};
		8145D05124DA9B5C003AC651 /* Debug */ = {
			isa = XCBuildConfiguration;
			buildSettings = {
				ASSETCATALOG_COMPILER_APPICON_NAME = AppIcon;
				CODE_SIGN_STYLE = Automatic;
				INFOPLIST_FILE = ComicBookExercise/Info.plist;
				LD_RUNPATH_SEARCH_PATHS = (
					"$(inherited)",
					"@executable_path/Frameworks",
				);
				PRODUCT_BUNDLE_IDENTIFIER = "Comic-Book-Exercise.ComicBookExercise";
				PRODUCT_NAME = "$(TARGET_NAME)";
				SWIFT_VERSION = 5.0;
				TARGETED_DEVICE_FAMILY = "1,2";
			};
			name = Debug;
		};
		8145D05224DA9B5C003AC651 /* Release */ = {
			isa = XCBuildConfiguration;
			buildSettings = {
				ASSETCATALOG_COMPILER_APPICON_NAME = AppIcon;
				CODE_SIGN_STYLE = Automatic;
				INFOPLIST_FILE = ComicBookExercise/Info.plist;
				LD_RUNPATH_SEARCH_PATHS = (
					"$(inherited)",
					"@executable_path/Frameworks",
				);
				PRODUCT_BUNDLE_IDENTIFIER = "Comic-Book-Exercise.ComicBookExercise";
				PRODUCT_NAME = "$(TARGET_NAME)";
				SWIFT_VERSION = 5.0;
				TARGETED_DEVICE_FAMILY = "1,2";
			};
			name = Release;
		};
/* End XCBuildConfiguration section */

/* Begin XCConfigurationList section */
		8145D03724DA9B5B003AC651 /* Build configuration list for PBXProject "ComicBookExercise" */ = {
			isa = XCConfigurationList;
			buildConfigurations = (
				8145D04E24DA9B5C003AC651 /* Debug */,
				8145D04F24DA9B5C003AC651 /* Release */,
			);
			defaultConfigurationIsVisible = 0;
			defaultConfigurationName = Release;
		};
		8145D05024DA9B5C003AC651 /* Build configuration list for PBXNativeTarget "ComicBookExercise" */ = {
			isa = XCConfigurationList;
			buildConfigurations = (
				8145D05124DA9B5C003AC651 /* Debug */,
				8145D05224DA9B5C003AC651 /* Release */,
			);
			defaultConfigurationIsVisible = 0;
			defaultConfigurationName = Release;
		};
/* End XCConfigurationList section */
	};
	rootObject = 8145D03424DA9B5B003AC651 /* Project object */;
}
